
Microsoft Visual Studio Solution File, Format Version 12.00
# Visual Studio 2013
VisualStudioVersion = 12.0.31101.0
MinimumVisualStudioVersion = 10.0.40219.1
Project("{FAE04EC0-301F-11D3-BF4B-00C04F79EFBC}") = "ExBoxViewSample", "ExBoxViewSample\ExBoxViewSample\ExBoxViewSample.csproj", "{BD746682-0EBF-46D9-8A20-06F011E51514}"
EndProject
Project("{FAE04EC0-301F-11D3-BF4B-00C04F79EFBC}") = "ExBoxViewSample.iOS", "ExBoxViewSample\ExBoxViewSample.iOS\ExBoxViewSample.iOS.csproj", "{78F78C30-D41F-46A8-BC76-69F60A844A81}"
EndProject
Project("{FAE04EC0-301F-11D3-BF4B-00C04F79EFBC}") = "ExBoxViewSample.Droid", "ExBoxViewSample\ExBoxViewSample.Droid\ExBoxViewSample.Droid.csproj", "{CA9AD602-4BD3-4574-AF79-99BF40867816}"
EndProject
Project("{FAE04EC0-301F-11D3-BF4B-00C04F79EFBC}") = "ExBoxViewSample.WinPhone", "ExBoxViewSample\ExBoxViewSample.WinPhone\ExBoxViewSample.WinPhone.csproj", "{3F2B9A8A-0798-4362-BF5F-0C0AB7BDD778}"
EndProject
Project("{2150E333-8FDC-42A3-9474-1A3956D46DE8}") = "Solution Items", "Solution Items", "{6BD5AA64-8A0F-4BD4-B67D-544789F2512F}"
EndProject
Global
	GlobalSection(SolutionConfigurationPlatforms) = preSolution
		Ad-Hoc|Any CPU = Ad-Hoc|Any CPU
		Ad-Hoc|ARM = Ad-Hoc|ARM
		Ad-Hoc|iPhone = Ad-Hoc|iPhone
		Ad-Hoc|iPhoneSimulator = Ad-Hoc|iPhoneSimulator
		Ad-Hoc|Mixed Platforms = Ad-Hoc|Mixed Platforms
		Ad-Hoc|x86 = Ad-Hoc|x86
		AppStore|Any CPU = AppStore|Any CPU
		AppStore|ARM = AppStore|ARM
		AppStore|iPhone = AppStore|iPhone
		AppStore|iPhoneSimulator = AppStore|iPhoneSimulator
		AppStore|Mixed Platforms = AppStore|Mixed Platforms
		AppStore|x86 = AppStore|x86
		Debug|Any CPU = Debug|Any CPU
		Debug|ARM = Debug|ARM
		Debug|iPhone = Debug|iPhone
		Debug|iPhoneSimulator = Debug|iPhoneSimulator
		Debug|Mixed Platforms = Debug|Mixed Platforms
		Debug|x86 = Debug|x86
		Release|Any CPU = Release|Any CPU
		Release|ARM = Release|ARM
		Release|iPhone = Release|iPhone
		Release|iPhoneSimulator = Release|iPhoneSimulator
		Release|Mixed Platforms = Release|Mixed Platforms
		Release|x86 = Release|x86
	EndGlobalSection
	GlobalSection(ProjectConfigurationPlatforms) = postSolution
		{BD746682-0EBF-46D9-8A20-06F011E51514}.Ad-Hoc|Any CPU.ActiveCfg = Release|Any CPU
		{BD746682-0EBF-46D9-8A20-06F011E51514}.Ad-Hoc|Any CPU.Build.0 = Release|Any CPU
		{BD746682-0EBF-46D9-8A20-06F011E51514}.Ad-Hoc|ARM.ActiveCfg = Release|Any CPU
		{BD746682-0EBF-46D9-8A20-06F011E51514}.Ad-Hoc|iPhone.ActiveCfg = Release|Any CPU
		{BD746682-0EBF-46D9-8A20-06F011E51514}.Ad-Hoc|iPhoneSimulator.ActiveCfg = Release|Any CPU
		{BD746682-0EBF-46D9-8A20-06F011E51514}.Ad-Hoc|Mixed Platforms.ActiveCfg = Release|Any CPU
		{BD746682-0EBF-46D9-8A20-06F011E51514}.Ad-Hoc|Mixed Platforms.Build.0 = Release|Any CPU
		{BD746682-0EBF-46D9-8A20-06F011E51514}.Ad-Hoc|x86.ActiveCfg = Release|Any CPU
		{BD746682-0EBF-46D9-8A20-06F011E51514}.AppStore|Any CPU.ActiveCfg = Release|Any CPU
		{BD746682-0EBF-46D9-8A20-06F011E51514}.AppStore|Any CPU.Build.0 = Release|Any CPU
		{BD746682-0EBF-46D9-8A20-06F011E51514}.AppStore|ARM.ActiveCfg = Release|Any CPU
		{BD746682-0EBF-46D9-8A20-06F011E51514}.AppStore|iPhone.ActiveCfg = Release|Any CPU
		{BD746682-0EBF-46D9-8A20-06F011E51514}.AppStore|iPhoneSimulator.ActiveCfg = Release|Any CPU
		{BD746682-0EBF-46D9-8A20-06F011E51514}.AppStore|Mixed Platforms.ActiveCfg = Release|Any CPU
		{BD746682-0EBF-46D9-8A20-06F011E51514}.AppStore|Mixed Platforms.Build.0 = Release|Any CPU
		{BD746682-0EBF-46D9-8A20-06F011E51514}.AppStore|x86.ActiveCfg = Release|Any CPU
		{BD746682-0EBF-46D9-8A20-06F011E51514}.Debug|Any CPU.ActiveCfg = Debug|Any CPU
		{BD746682-0EBF-46D9-8A20-06F011E51514}.Debug|Any CPU.Build.0 = Debug|Any CPU
		{BD746682-0EBF-46D9-8A20-06F011E51514}.Debug|ARM.ActiveCfg = Debug|Any CPU
		{BD746682-0EBF-46D9-8A20-06F011E51514}.Debug|iPhone.ActiveCfg = Debug|Any CPU
		{BD746682-0EBF-46D9-8A20-06F011E51514}.Debug|iPhoneSimulator.ActiveCfg = Debug|Any CPU
		{BD746682-0EBF-46D9-8A20-06F011E51514}.Debug|iPhoneSimulator.Build.0 = Debug|Any CPU
		{BD746682-0EBF-46D9-8A20-06F011E51514}.Debug|Mixed Platforms.ActiveCfg = Debug|Any CPU
		{BD746682-0EBF-46D9-8A20-06F011E51514}.Debug|Mixed Platforms.Build.0 = Debug|Any CPU
		{BD746682-0EBF-46D9-8A20-06F011E51514}.Debug|x86.ActiveCfg = Debug|Any CPU
		{BD746682-0EBF-46D9-8A20-06F011E51514}.Release|Any CPU.ActiveCfg = Release|Any CPU
		{BD746682-0EBF-46D9-8A20-06F011E51514}.Release|Any CPU.Build.0 = Release|Any CPU
		{BD746682-0EBF-46D9-8A20-06F011E51514}.Release|ARM.ActiveCfg = Release|Any CPU
		{BD746682-0EBF-46D9-8A20-06F011E51514}.Release|iPhone.ActiveCfg = Release|Any CPU
		{BD746682-0EBF-46D9-8A20-06F011E51514}.Release|iPhoneSimulator.ActiveCfg = Release|Any CPU
		{BD746682-0EBF-46D9-8A20-06F011E51514}.Release|Mixed Platforms.ActiveCfg = Release|Any CPU
		{BD746682-0EBF-46D9-8A20-06F011E51514}.Release|Mixed Platforms.Build.0 = Release|Any CPU
		{BD746682-0EBF-46D9-8A20-06F011E51514}.Release|x86.ActiveCfg = Release|Any CPU
		{78F78C30-D41F-46A8-BC76-69F60A844A81}.Ad-Hoc|Any CPU.ActiveCfg = Ad-Hoc|iPhone
		{78F78C30-D41F-46A8-BC76-69F60A844A81}.Ad-Hoc|ARM.ActiveCfg = Ad-Hoc|iPhone
		{78F78C30-D41F-46A8-BC76-69F60A844A81}.Ad-Hoc|iPhone.ActiveCfg = Ad-Hoc|iPhone
		{78F78C30-D41F-46A8-BC76-69F60A844A81}.Ad-Hoc|iPhone.Build.0 = Ad-Hoc|iPhone
		{78F78C30-D41F-46A8-BC76-69F60A844A81}.Ad-Hoc|iPhoneSimulator.ActiveCfg = Ad-Hoc|iPhoneSimulator
		{78F78C30-D41F-46A8-BC76-69F60A844A81}.Ad-Hoc|iPhoneSimulator.Build.0 = Ad-Hoc|iPhoneSimulator
		{78F78C30-D41F-46A8-BC76-69F60A844A81}.Ad-Hoc|Mixed Platforms.ActiveCfg = Ad-Hoc|iPhone
		{78F78C30-D41F-46A8-BC76-69F60A844A81}.Ad-Hoc|Mixed Platforms.Build.0 = Ad-Hoc|iPhone
		{78F78C30-D41F-46A8-BC76-69F60A844A81}.Ad-Hoc|x86.ActiveCfg = Ad-Hoc|iPhone
		{78F78C30-D41F-46A8-BC76-69F60A844A81}.AppStore|Any CPU.ActiveCfg = AppStore|iPhone
		{78F78C30-D41F-46A8-BC76-69F60A844A81}.AppStore|ARM.ActiveCfg = AppStore|iPhone
		{78F78C30-D41F-46A8-BC76-69F60A844A81}.AppStore|iPhone.ActiveCfg = AppStore|iPhone
		{78F78C30-D41F-46A8-BC76-69F60A844A81}.AppStore|iPhone.Build.0 = AppStore|iPhone
		{78F78C30-D41F-46A8-BC76-69F60A844A81}.AppStore|iPhoneSimulator.ActiveCfg = AppStore|iPhoneSimulator
		{78F78C30-D41F-46A8-BC76-69F60A844A81}.AppStore|iPhoneSimulator.Build.0 = AppStore|iPhoneSimulator
		{78F78C30-D41F-46A8-BC76-69F60A844A81}.AppStore|Mixed Platforms.ActiveCfg = AppStore|iPhone
		{78F78C30-D41F-46A8-BC76-69F60A844A81}.AppStore|Mixed Platforms.Build.0 = AppStore|iPhone
		{78F78C30-D41F-46A8-BC76-69F60A844A81}.AppStore|x86.ActiveCfg = AppStore|iPhone
		{78F78C30-D41F-46A8-BC76-69F60A844A81}.Debug|Any CPU.ActiveCfg = Debug|iPhone
		{78F78C30-D41F-46A8-BC76-69F60A844A81}.Debug|ARM.ActiveCfg = Debug|iPhone
		{78F78C30-D41F-46A8-BC76-69F60A844A81}.Debug|iPhone.ActiveCfg = Debug|iPhoneSimulator
		{78F78C30-D41F-46A8-BC76-69F60A844A81}.Debug|iPhone.Build.0 = Debug|iPhoneSimulator
		{78F78C30-D41F-46A8-BC76-69F60A844A81}.Debug|iPhoneSimulator.ActiveCfg = Debug|iPhoneSimulator
		{78F78C30-D41F-46A8-BC76-69F60A844A81}.Debug|iPhoneSimulator.Build.0 = Debug|iPhoneSimulator
		{78F78C30-D41F-46A8-BC76-69F60A844A81}.Debug|Mixed Platforms.ActiveCfg = Debug|iPhone
		{78F78C30-D41F-46A8-BC76-69F60A844A81}.Debug|Mixed Platforms.Build.0 = Debug|iPhone
		{78F78C30-D41F-46A8-BC76-69F60A844A81}.Debug|x86.ActiveCfg = Debug|iPhone
		{78F78C30-D41F-46A8-BC76-69F60A844A81}.Release|Any CPU.ActiveCfg = Release|iPhone
		{78F78C30-D41F-46A8-BC76-69F60A844A81}.Release|ARM.ActiveCfg = Release|iPhone
		{78F78C30-D41F-46A8-BC76-69F60A844A81}.Release|iPhone.ActiveCfg = Release|iPhone
		{78F78C30-D41F-46A8-BC76-69F60A844A81}.Release|iPhone.Build.0 = Release|iPhone
		{78F78C30-D41F-46A8-BC76-69F60A844A81}.Release|iPhoneSimulator.ActiveCfg = Release|iPhoneSimulator
		{78F78C30-D41F-46A8-BC76-69F60A844A81}.Release|iPhoneSimulator.Build.0 = Release|iPhoneSimulator
		{78F78C30-D41F-46A8-BC76-69F60A844A81}.Release|Mixed Platforms.ActiveCfg = Release|iPhone
		{78F78C30-D41F-46A8-BC76-69F60A844A81}.Release|Mixed Platforms.Build.0 = Release|iPhone
		{78F78C30-D41F-46A8-BC76-69F60A844A81}.Release|x86.ActiveCfg = Release|iPhone
		{CA9AD602-4BD3-4574-AF79-99BF40867816}.Ad-Hoc|Any CPU.ActiveCfg = Release|Any CPU
		{CA9AD602-4BD3-4574-AF79-99BF40867816}.Ad-Hoc|Any CPU.Build.0 = Release|Any CPU
		{CA9AD602-4BD3-4574-AF79-99BF40867816}.Ad-Hoc|Any CPU.Deploy.0 = Release|Any CPU
		{CA9AD602-4BD3-4574-AF79-99BF40867816}.Ad-Hoc|ARM.ActiveCfg = Release|Any CPU
		{CA9AD602-4BD3-4574-AF79-99BF40867816}.Ad-Hoc|iPhone.ActiveCfg = Release|Any CPU
		{CA9AD602-4BD3-4574-AF79-99BF40867816}.Ad-Hoc|iPhoneSimulator.ActiveCfg = Release|Any CPU
		{CA9AD602-4BD3-4574-AF79-99BF40867816}.Ad-Hoc|Mixed Platforms.ActiveCfg = Release|Any CPU
		{CA9AD602-4BD3-4574-AF79-99BF40867816}.Ad-Hoc|Mixed Platforms.Build.0 = Release|Any CPU
		{CA9AD602-4BD3-4574-AF79-99BF40867816}.Ad-Hoc|Mixed Platforms.Deploy.0 = Release|Any CPU
		{CA9AD602-4BD3-4574-AF79-99BF40867816}.Ad-Hoc|x86.ActiveCfg = Release|Any CPU
		{CA9AD602-4BD3-4574-AF79-99BF40867816}.AppStore|Any CPU.ActiveCfg = Release|Any CPU
		{CA9AD602-4BD3-4574-AF79-99BF40867816}.AppStore|Any CPU.Build.0 = Release|Any CPU
		{CA9AD602-4BD3-4574-AF79-99BF40867816}.AppStore|Any CPU.Deploy.0 = Release|Any CPU
		{CA9AD602-4BD3-4574-AF79-99BF40867816}.AppStore|ARM.ActiveCfg = Release|Any CPU
		{CA9AD602-4BD3-4574-AF79-99BF40867816}.AppStore|iPhone.ActiveCfg = Release|Any CPU
		{CA9AD602-4BD3-4574-AF79-99BF40867816}.AppStore|iPhoneSimulator.ActiveCfg = Release|Any CPU
		{CA9AD602-4BD3-4574-AF79-99BF40867816}.AppStore|Mixed Platforms.ActiveCfg = Release|Any CPU
		{CA9AD602-4BD3-4574-AF79-99BF40867816}.AppStore|Mixed Platforms.Build.0 = Release|Any CPU
		{CA9AD602-4BD3-4574-AF79-99BF40867816}.AppStore|Mixed Platforms.Deploy.0 = Release|Any CPU
		{CA9AD602-4BD3-4574-AF79-99BF40867816}.AppStore|x86.ActiveCfg = Release|Any CPU
		{CA9AD602-4BD3-4574-AF79-99BF40867816}.Debug|Any CPU.ActiveCfg = Debug|Any CPU
		{CA9AD602-4BD3-4574-AF79-99BF40867816}.Debug|Any CPU.Build.0 = Debug|Any CPU
		{CA9AD602-4BD3-4574-AF79-99BF40867816}.Debug|Any CPU.Deploy.0 = Debug|Any CPU
		{CA9AD602-4BD3-4574-AF79-99BF40867816}.Debug|ARM.ActiveCfg = Debug|Any CPU
		{CA9AD602-4BD3-4574-AF79-99BF40867816}.Debug|iPhone.ActiveCfg = Debug|Any CPU
		{CA9AD602-4BD3-4574-AF79-99BF40867816}.Debug|iPhoneSimulator.ActiveCfg = Debug|Any CPU
		{CA9AD602-4BD3-4574-AF79-99BF40867816}.Debug|iPhoneSimulator.Build.0 = Debug|Any CPU
		{CA9AD602-4BD3-4574-AF79-99BF40867816}.Debug|iPhoneSimulator.Deploy.0 = Debug|Any CPU
		{CA9AD602-4BD3-4574-AF79-99BF40867816}.Debug|Mixed Platforms.ActiveCfg = Debug|Any CPU
		{CA9AD602-4BD3-4574-AF79-99BF40867816}.Debug|Mixed Platforms.Build.0 = Debug|Any CPU
		{CA9AD602-4BD3-4574-AF79-99BF40867816}.Debug|Mixed Platforms.Deploy.0 = Debug|Any CPU
		{CA9AD602-4BD3-4574-AF79-99BF40867816}.Debug|x86.ActiveCfg = Debug|Any CPU
		{CA9AD602-4BD3-4574-AF79-99BF40867816}.Release|Any CPU.ActiveCfg = Release|Any CPU
		{CA9AD602-4BD3-4574-AF79-99BF40867816}.Release|Any CPU.Build.0 = Release|Any CPU
		{CA9AD602-4BD3-4574-AF79-99BF40867816}.Release|Any CPU.Deploy.0 = Release|Any CPU
		{CA9AD602-4BD3-4574-AF79-99BF40867816}.Release|ARM.ActiveCfg = Release|Any CPU
		{CA9AD602-4BD3-4574-AF79-99BF40867816}.Release|iPhone.ActiveCfg = Release|Any CPU
		{CA9AD602-4BD3-4574-AF79-99BF40867816}.Release|iPhoneSimulator.ActiveCfg = Release|Any CPU
		{CA9AD602-4BD3-4574-AF79-99BF40867816}.Release|Mixed Platforms.ActiveCfg = Release|Any CPU
		{CA9AD602-4BD3-4574-AF79-99BF40867816}.Release|Mixed Platforms.Build.0 = Release|Any CPU
		{CA9AD602-4BD3-4574-AF79-99BF40867816}.Release|Mixed Platforms.Deploy.0 = Release|Any CPU
		{CA9AD602-4BD3-4574-AF79-99BF40867816}.Release|x86.ActiveCfg = Release|Any CPU
		{3F2B9A8A-0798-4362-BF5F-0C0AB7BDD778}.Ad-Hoc|Any CPU.ActiveCfg = Release|Any CPU
		{3F2B9A8A-0798-4362-BF5F-0C0AB7BDD778}.Ad-Hoc|Any CPU.Build.0 = Release|Any CPU
		{3F2B9A8A-0798-4362-BF5F-0C0AB7BDD778}.Ad-Hoc|Any CPU.Deploy.0 = Release|Any CPU
		{3F2B9A8A-0798-4362-BF5F-0C0AB7BDD778}.Ad-Hoc|ARM.ActiveCfg = Release|ARM
		{3F2B9A8A-0798-4362-BF5F-0C0AB7BDD778}.Ad-Hoc|ARM.Build.0 = Release|ARM
		{3F2B9A8A-0798-4362-BF5F-0C0AB7BDD778}.Ad-Hoc|ARM.Deploy.0 = Release|ARM
		{3F2B9A8A-0798-4362-BF5F-0C0AB7BDD778}.Ad-Hoc|iPhone.ActiveCfg = Release|Any CPU
		{3F2B9A8A-0798-4362-BF5F-0C0AB7BDD778}.Ad-Hoc|iPhoneSimulator.ActiveCfg = Release|Any CPU
		{3F2B9A8A-0798-4362-BF5F-0C0AB7BDD778}.Ad-Hoc|Mixed Platforms.ActiveCfg = Release|x86
		{3F2B9A8A-0798-4362-BF5F-0C0AB7BDD778}.Ad-Hoc|Mixed Platforms.Build.0 = Release|x86
		{3F2B9A8A-0798-4362-BF5F-0C0AB7BDD778}.Ad-Hoc|Mixed Platforms.Deploy.0 = Release|x86
		{3F2B9A8A-0798-4362-BF5F-0C0AB7BDD778}.Ad-Hoc|x86.ActiveCfg = Release|x86
		{3F2B9A8A-0798-4362-BF5F-0C0AB7BDD778}.Ad-Hoc|x86.Build.0 = Release|x86
		{3F2B9A8A-0798-4362-BF5F-0C0AB7BDD778}.Ad-Hoc|x86.Deploy.0 = Release|x86
		{3F2B9A8A-0798-4362-BF5F-0C0AB7BDD778}.AppStore|Any CPU.ActiveCfg = Release|Any CPU
		{3F2B9A8A-0798-4362-BF5F-0C0AB7BDD778}.AppStore|Any CPU.Build.0 = Release|Any CPU
		{3F2B9A8A-0798-4362-BF5F-0C0AB7BDD778}.AppStore|Any CPU.Deploy.0 = Release|Any CPU
		{3F2B9A8A-0798-4362-BF5F-0C0AB7BDD778}.AppStore|ARM.ActiveCfg = Release|ARM
		{3F2B9A8A-0798-4362-BF5F-0C0AB7BDD778}.AppStore|ARM.Build.0 = Release|ARM
		{3F2B9A8A-0798-4362-BF5F-0C0AB7BDD778}.AppStore|ARM.Deploy.0 = Release|ARM
		{3F2B9A8A-0798-4362-BF5F-0C0AB7BDD778}.AppStore|iPhone.ActiveCfg = Release|Any CPU
		{3F2B9A8A-0798-4362-BF5F-0C0AB7BDD778}.AppStore|iPhoneSimulator.ActiveCfg = Release|Any CPU
		{3F2B9A8A-0798-4362-BF5F-0C0AB7BDD778}.AppStore|Mixed Platforms.ActiveCfg = Release|x86
		{3F2B9A8A-0798-4362-BF5F-0C0AB7BDD778}.AppStore|Mixed Platforms.Build.0 = Release|x86
		{3F2B9A8A-0798-4362-BF5F-0C0AB7BDD778}.AppStore|Mixed Platforms.Deploy.0 = Release|x86
		{3F2B9A8A-0798-4362-BF5F-0C0AB7BDD778}.AppStore|x86.ActiveCfg = Release|x86
		{3F2B9A8A-0798-4362-BF5F-0C0AB7BDD778}.AppStore|x86.Build.0 = Release|x86
		{3F2B9A8A-0798-4362-BF5F-0C0AB7BDD778}.AppStore|x86.Deploy.0 = Release|x86
		{3F2B9A8A-0798-4362-BF5F-0C0AB7BDD778}.Debug|Any CPU.ActiveCfg = Debug|Any CPU
		{3F2B9A8A-0798-4362-BF5F-0C0AB7BDD778}.Debug|Any CPU.Build.0 = Debug|Any CPU
		{3F2B9A8A-0798-4362-BF5F-0C0AB7BDD778}.Debug|Any CPU.Deploy.0 = Debug|Any CPU
		{3F2B9A8A-0798-4362-BF5F-0C0AB7BDD778}.Debug|ARM.ActiveCfg = Debug|ARM
		{3F2B9A8A-0798-4362-BF5F-0C0AB7BDD778}.Debug|ARM.Build.0 = Debug|ARM
		{3F2B9A8A-0798-4362-BF5F-0C0AB7BDD778}.Debug|ARM.Deploy.0 = Debug|ARM
		{3F2B9A8A-0798-4362-BF5F-0C0AB7BDD778}.Debug|iPhone.ActiveCfg = Debug|Any CPU
		{3F2B9A8A-0798-4362-BF5F-0C0AB7BDD778}.Debug|iPhoneSimulator.ActiveCfg = Debug|Any CPU
		{3F2B9A8A-0798-4362-BF5F-0C0AB7BDD778}.Debug|iPhoneSimulator.Build.0 = Debug|Any CPU
		{3F2B9A8A-0798-4362-BF5F-0C0AB7BDD778}.Debug|iPhoneSimulator.Deploy.0 = Debug|Any CPU
		{3F2B9A8A-0798-4362-BF5F-0C0AB7BDD778}.Debug|Mixed Platforms.ActiveCfg = Debug|x86
		{3F2B9A8A-0798-4362-BF5F-0C0AB7BDD778}.Debug|Mixed Platforms.Build.0 = Debug|x86
		{3F2B9A8A-0798-4362-BF5F-0C0AB7BDD778}.Debug|Mixed Platforms.Deploy.0 = Debug|x86
		{3F2B9A8A-0798-4362-BF5F-0C0AB7BDD778}.Debug|x86.ActiveCfg = Debug|x86
		{3F2B9A8A-0798-4362-BF5F-0C0AB7BDD778}.Debug|x86.Build.0 = Debug|x86
		{3F2B9A8A-0798-4362-BF5F-0C0AB7BDD778}.Debug|x86.Deploy.0 = Debug|x86
		{3F2B9A8A-0798-4362-BF5F-0C0AB7BDD778}.Release|Any CPU.ActiveCfg = Release|Any CPU
		{3F2B9A8A-0798-4362-BF5F-0C0AB7BDD778}.Release|Any CPU.Build.0 = Release|Any CPU
		{3F2B9A8A-0798-4362-BF5F-0C0AB7BDD778}.Release|Any CPU.Deploy.0 = Release|Any CPU
		{3F2B9A8A-0798-4362-BF5F-0C0AB7BDD778}.Release|ARM.ActiveCfg = Release|ARM
		{3F2B9A8A-0798-4362-BF5F-0C0AB7BDD778}.Release|ARM.Build.0 = Release|ARM
		{3F2B9A8A-0798-4362-BF5F-0C0AB7BDD778}.Release|ARM.Deploy.0 = Release|ARM
		{3F2B9A8A-0798-4362-BF5F-0C0AB7BDD778}.Release|iPhone.ActiveCfg = Release|Any CPU
		{3F2B9A8A-0798-4362-BF5F-0C0AB7BDD778}.Release|iPhoneSimulator.ActiveCfg = Release|Any CPU
		{3F2B9A8A-0798-4362-BF5F-0C0AB7BDD778}.Release|Mixed Platforms.ActiveCfg = Release|x86
		{3F2B9A8A-0798-4362-BF5F-0C0AB7BDD778}.Release|Mixed Platforms.Build.0 = Release|x86
		{3F2B9A8A-0798-4362-BF5F-0C0AB7BDD778}.Release|Mixed Platforms.Deploy.0 = Release|x86
		{3F2B9A8A-0798-4362-BF5F-0C0AB7BDD778}.Release|x86.ActiveCfg = Release|x86
		{3F2B9A8A-0798-4362-BF5F-0C0AB7BDD778}.Release|x86.Build.0 = Release|x86
		{3F2B9A8A-0798-4362-BF5F-0C0AB7BDD778}.Release|x86.Deploy.0 = Release|x86
	EndGlobalSection
	GlobalSection(SolutionProperties) = preSolution
		HideSolutionNode = FALSE
	EndGlobalSection
EndGlobal
